
Microsoft Visual Studio Solution File, Format Version 12.00
# Visual Studio Version 17
VisualStudioVersion = 17.12.35707.178
MinimumVisualStudioVersion = 10.0.40219.1
Project("{FAE04EC0-301F-11D3-BF4B-00C04F79EFBC}") = "TechniqueTest", "TechniqueTest\TechniqueTest.csproj", "{06F07152-AB05-4A5B-9D6E-3CC338C576A9}"
EndProject
Project("{FAE04EC0-301F-11D3-BF4B-00C04F79EFBC}") = "DomainLayer", "DomainLayer\DomainLayer.csproj", "{736EDCBD-3B23-47F9-B794-9A21C566A4A5}"
EndProject
Project("{FAE04EC0-301F-11D3-BF4B-00C04F79EFBC}") = "ApplicationLayer", "ApplicationLayer\ApplicationLayer.csproj", "{4290853A-C97D-4398-88E0-9E9AFFF07F78}"
EndProject
Project("{FAE04EC0-301F-11D3-BF4B-00C04F79EFBC}") = "InfrastructureLayer", "InfrastructureLayer\InfrastructureLayer.csproj", "{DE8D2544-B6AA-452C-9E76-86032A486BA2}"
EndProject
Global
	GlobalSection(SolutionConfigurationPlatforms) = preSolution
		Debug|Any CPU = Debug|Any CPU
		Release|Any CPU = Release|Any CPU
	EndGlobalSection
	GlobalSection(ProjectConfigurationPlatforms) = postSolution
		{06F07152-AB05-4A5B-9D6E-3CC338C576A9}.Debug|Any CPU.ActiveCfg = Debug|Any CPU
		{06F07152-AB05-4A5B-9D6E-3CC338C576A9}.Debug|Any CPU.Build.0 = Debug|Any CPU
		{06F07152-AB05-4A5B-9D6E-3CC338C576A9}.Release|Any CPU.ActiveCfg = Release|Any CPU
		{06F07152-AB05-4A5B-9D6E-3CC338C576A9}.Release|Any CPU.Build.0 = Release|Any CPU
		{736EDCBD-3B23-47F9-B794-9A21C566A4A5}.Debug|Any CPU.ActiveCfg = Debug|Any CPU
		{736EDCBD-3B23-47F9-B794-9A21C566A4A5}.Debug|Any CPU.Build.0 = Debug|Any CPU
		{736EDCBD-3B23-47F9-B794-9A21C566A4A5}.Release|Any CPU.ActiveCfg = Release|Any CPU
		{736EDCBD-3B23-47F9-B794-9A21C566A4A5}.Release|Any CPU.Build.0 = Release|Any CPU
		{4290853A-C97D-4398-88E0-9E9AFFF07F78}.Debug|Any CPU.ActiveCfg = Debug|Any CPU
		{4290853A-C97D-4398-88E0-9E9AFFF07F78}.Debug|Any CPU.Build.0 = Debug|Any CPU
		{4290853A-C97D-4398-88E0-9E9AFFF07F78}.Release|Any CPU.ActiveCfg = Release|Any CPU
		{4290853A-C97D-4398-88E0-9E9AFFF07F78}.Release|Any CPU.Build.0 = Release|Any CPU
		{DE8D2544-B6AA-452C-9E76-86032A486BA2}.Debug|Any CPU.ActiveCfg = Debug|Any CPU
		{DE8D2544-B6AA-452C-9E76-86032A486BA2}.Debug|Any CPU.Build.0 = Debug|Any CPU
		{DE8D2544-B6AA-452C-9E76-86032A486BA2}.Release|Any CPU.ActiveCfg = Release|Any CPU
		{DE8D2544-B6AA-452C-9E76-86032A486BA2}.Release|Any CPU.Build.0 = Release|Any CPU
	EndGlobalSection
	GlobalSection(SolutionProperties) = preSolution
		HideSolutionNode = FALSE
	EndGlobalSection
EndGlobal
